github.com/davecgh/go-spew v1.1.1 h1:vj9j/u1bqnvCEfJOwUhtlOARqs3+rkHYY13jYWTU97c=
github.com/davecgh/go-spew v1.1.1/go.mod h1:J7Y8YcW2NihsgmVo/mv3lAwl/skON4iLHjSsI+c5H38=
github.com/gen2brain/malgo v0.11.10 h1:u41QchDBS7Z2rwEVPu7uycK6HA8IyzKoUOhLU7IvYW4=
github.com/gen2brain/malgo v0.11.10/go.mod h1:f9TtuN7DVrXMiV/yIceMeWpvanyVzJQMlBecJFVMxww=
github.com/google/flatbuffers v23.5.26+incompatible h1:M9dgRyhJemaM4Sw8+66GHBu8ioaQmyPLg1b8VwK5WJg=
github.com/google/flatbuffers v23.5.26+incompatible/go.mod h1:1AeVuKshWv4vARoZatz6mlQ0JxURH0Kv5+zNeJKJCa8=
github.com/nlpodyssey/gopickle v0.2.0 h1:4naD2DVylYJupQLbCQFdwo6yiXEmPyp+0xf5MVlrBDY=
github.com/nlpodyssey/gopickle v0.2.0/go.mod h1:YIUwjJ2O7+vnBsxUN+MHAAI3N+adqEGiw+nDpwW95bY=
github.com/nlpodyssey/spago v1.1.1-0.20231104144211-93ae88e239d8 h1:pRY8amznKNw/MV9+7NMPstbXB3z8B8fuzTXyjz/8sQw=
github.com/nlpodyssey/spago v1.1.1-0.20231104144211-93ae88e239d8/go.mod h1:jDWGZwrB4B61U6Tf3/+MVlWOtNsk3EUA7G13UDHlnjQ=
github.com/pmezard/go-difflib v1.0.0 h1:4DBwDE0NGyQoBHbLQYPwSUPoCMWR5BEzIk/f1lZbAQM=
github.com/pmezard/go-difflib v1.0.0/go.mod h1:iKH77koFhYxTK1pcRnkKkqfTogsbg7gZNVY4sRDYZ/4=
github.com/stretchr/testify v1.8.4 h1:CcVxjf3Q8PM0mHUKJCdn+eZZtm5yQwehR5yeSVQQcUk=
github.com/stretchr/testify v1.8.4/go.mod h1:sz/lmYIOXD/1dqDmKjjqLyZ2RngseejIcXlSw2iwfAo=
gopkg.in/yaml.v3 v3.0.1 h1:fxVm/GzAzEWqLHuvctI91KS9hhNmmWOoWu0XTYJS7CA=
gopkg.in/yaml.v3 v3.0.1/go.mod h1:K4uyk7z7BCEPqu6E+C64Yfv1cQ7kz7rIZviUmN+EgEM=
